
Microsoft Visual Studio Solution File, Format Version 12.00
# Visual Studio Version 17
VisualStudioVersion = 17.3.32811.315
MinimumVisualStudioVersion = 10.0.40219.1
Project("{FAE04EC0-301F-11D3-BF4B-00C04F79EFBC}") = "SmevTransform.NET", "SmevTransform.NET\SmevTransform.NET.csproj", "{2A0732FA-BAEA-45DC-861A-090CC428035B}"
EndProject
Project("{FAE04EC0-301F-11D3-BF4B-00C04F79EFBC}") = "SmevTransform.Tests", "SmevTransform.Tests\SmevTransform.Tests.csproj", "{093100B9-DE1C-4A33-8DC8-66D6540D6439}"
EndProject
Global
	GlobalSection(SolutionConfigurationPlatforms) = preSolution
		Debug|Any CPU = Debug|Any CPU
		Release|Any CPU = Release|Any CPU
	EndGlobalSection
	GlobalSection(ProjectConfigurationPlatforms) = postSolution
		{2A0732FA-BAEA-45DC-861A-090CC428035B}.Debug|Any CPU.ActiveCfg = Debug|Any CPU
		{2A0732FA-BAEA-45DC-861A-090CC428035B}.Debug|Any CPU.Build.0 = Debug|Any CPU
		{2A0732FA-BAEA-45DC-861A-090CC428035B}.Release|Any CPU.ActiveCfg = Release|Any CPU
		{2A0732FA-BAEA-45DC-861A-090CC428035B}.Release|Any CPU.Build.0 = Release|Any CPU
		{093100B9-DE1C-4A33-8DC8-66D6540D6439}.Debug|Any CPU.ActiveCfg = Debug|Any CPU
		{093100B9-DE1C-4A33-8DC8-66D6540D6439}.Debug|Any CPU.Build.0 = Debug|Any CPU
		{093100B9-DE1C-4A33-8DC8-66D6540D6439}.Release|Any CPU.ActiveCfg = Release|Any CPU
		{093100B9-DE1C-4A33-8DC8-66D6540D6439}.Release|Any CPU.Build.0 = Release|Any CPU
	EndGlobalSection
	GlobalSection(SolutionProperties) = preSolution
		HideSolutionNode = FALSE
	EndGlobalSection
	GlobalSection(ExtensibilityGlobals) = postSolution
		SolutionGuid = {DDD06E05-F293-46A7-B3DF-E63CE0BF6935}
	EndGlobalSection
EndGlobal
